
Microsoft Visual Studio Solution File, Format Version 12.00
# Visual Studio Version 16
VisualStudioVersion = 16.0.30621.155
MinimumVisualStudioVersion = 10.0.40219.1
Project("{FAE04EC0-301F-11D3-BF4B-00C04F79EFBC}") = "PaperLoad_WPF", "PaperLoad_WPF.csproj", "{221EE118-858F-413F-AA4E-5A31138AAD55}"
EndProject
Global
	GlobalSection(SolutionConfigurationPlatforms) = preSolution
		Debug|Any CPU = Debug|Any CPU
		Release|Any CPU = Release|Any CPU
	EndGlobalSection
	GlobalSection(ProjectConfigurationPlatforms) = postSolution
		{221EE118-858F-413F-AA4E-5A31138AAD55}.Debug|Any CPU.ActiveCfg = Debug|Any CPU
		{221EE118-858F-413F-AA4E-5A31138AAD55}.Debug|Any CPU.Build.0 = Debug|Any CPU
		{221EE118-858F-413F-AA4E-5A31138AAD55}.Release|Any CPU.ActiveCfg = Release|Any CPU
		{221EE118-858F-413F-AA4E-5A31138AAD55}.Release|Any CPU.Build.0 = Release|Any CPU
	EndGlobalSection
	GlobalSection(SolutionProperties) = preSolution
		HideSolutionNode = FALSE
	EndGlobalSection
	GlobalSection(ExtensibilityGlobals) = postSolution
		SolutionGuid = {8393DEB0-1571-4D4D-9F55-EDDB7B7C5936}
	EndGlobalSection
EndGlobal
